
Microsoft Visual Studio Solution File, Format Version 12.00
# Visual Studio 15
VisualStudioVersion = 15.0.27703.2035
MinimumVisualStudioVersion = 10.0.40219.1
Project("{FAE04EC0-301F-11D3-BF4B-00C04F79EFBC}") = "ImageParser", "ImageParser\ImageParser.csproj", "{875ECCFB-432C-4C9B-AE39-D7FE5A161DBB}"
EndProject
Global
	GlobalSection(SolutionConfigurationPlatforms) = preSolution
		Debug|Any CPU = Debug|Any CPU
		Release|Any CPU = Release|Any CPU
	EndGlobalSection
	GlobalSection(ProjectConfigurationPlatforms) = postSolution
		{875ECCFB-432C-4C9B-AE39-D7FE5A161DBB}.Debug|Any CPU.ActiveCfg = Debug|Any CPU
		{875ECCFB-432C-4C9B-AE39-D7FE5A161DBB}.Debug|Any CPU.Build.0 = Debug|Any CPU
		{875ECCFB-432C-4C9B-AE39-D7FE5A161DBB}.Release|Any CPU.ActiveCfg = Release|Any CPU
		{875ECCFB-432C-4C9B-AE39-D7FE5A161DBB}.Release|Any CPU.Build.0 = Release|Any CPU
	EndGlobalSection
	GlobalSection(SolutionProperties) = preSolution
		HideSolutionNode = FALSE
	EndGlobalSection
	GlobalSection(ExtensibilityGlobals) = postSolution
		SolutionGuid = {A1A5D2D4-AB48-4890-8D40-6B1275F15BB8}
	EndGlobalSection
EndGlobal
